// !$*UTF8*$!
{
	archiveVersion = 1;
	classes = {
	};
	objectVersion = 46;
	objects = {

/* Begin PBXBuildFile section */
		2E809A481AA9188800301D6D /* AppDelegate.swift in Sources */ = {isa = PBXBuildFile; fileRef = 2E809A471AA9188800301D6D /* AppDelegate.swift */; };
		2E809A4A1AA9188800301D6D /* ViewController.swift in Sources */ = {isa = PBXBuildFile; fileRef = 2E809A491AA9188800301D6D /* ViewController.swift */; };
		2E809A4D1AA9188800301D6D /* Main.storyboard in Resources */ = {isa = PBXBuildFile; fileRef = 2E809A4B1AA9188800301D6D /* Main.storyboard */; };
		2E809A4F1AA9188800301D6D /* Images.xcassets in Resources */ = {isa = PBXBuildFile; fileRef = 2E809A4E1AA9188800301D6D /* Images.xcassets */; };
		2E809A521AA9188800301D6D /* LaunchScreen.xib in Resources */ = {isa = PBXBuildFile; fileRef = 2E809A501AA9188800301D6D /* LaunchScreen.xib */; };
		2E809A5E1AA9188800301D6D /* AboutMeTests.swift in Sources */ = {isa = PBXBuildFile; fileRef = 2E809A5D1AA9188800301D6D /* AboutMeTests.swift */; };
		2E809A681AA919C100301D6D /* hobbyVC.swift in Sources */ = {isa = PBXBuildFile; fileRef = 2E809A671AA919C100301D6D /* hobbyVC.swift */; };
		2E809A6A1AA91C5900301D6D /* detailVC.swift in Sources */ = {isa = PBXBuildFile; fileRef = 2E809A691AA91C5900301D6D /* detailVC.swift */; };
/* End PBXBuildFile section */

/* Begin PBXContainerItemProxy section */
		2E809A581AA9188800301D6D /* PBXContainerItemProxy */ = {
			isa = PBXContainerItemProxy;
			containerPortal = 2E809A3A1AA9188800301D6D /* Project object */;
			proxyType = 1;
			remoteGlobalIDString = 2E809A411AA9188800301D6D;
			remoteInfo = AboutMe;
		};
/* End PBXContainerItemProxy section */

/* Begin PBXFileReference section */
		2E809A421AA9188800301D6D /* AboutMe.app */ = {isa = PBXFileReference; explicitFileType = wrapper.application; includeInIndex = 0; path = AboutMe.app; sourceTree = BUILT_PRODUCTS_DIR; };
		2E809A461AA9188800301D6D /* Info.plist */ = {isa = PBXFileReference; lastKnownFileType = text.plist.xml; path = Info.plist; sourceTree = "<group>"; };
		2E809A471AA9188800301D6D /* AppDelegate.swift */ = {isa = PBXFileReference; lastKnownFileType = sourcecode.swift; path = AppDelegate.swift; sourceTree = "<group>"; };
		2E809A491AA9188800301D6D /* ViewController.swift */ = {isa = PBXFileReference; lastKnownFileType = sourcecode.swift; path = ViewController.swift; sourceTree = "<group>"; };
		2E809A4C1AA9188800301D6D /* Base */ = {isa = PBXFileReference; lastKnownFileType = file.storyboard; name = Base; path = Base.lproj/Main.storyboard; sourceTree = "<group>"; };
		2E809A4E1AA9188800301D6D /* Images.xcassets */ = {isa = PBXFileReference; lastKnownFileType = folder.assetcatalog; path = Images.xcassets; sourceTree = "<group>"; };
		2E809A511AA9188800301D6D /* Base */ = {isa = PBXFileReference; lastKnownFileType = file.xib; name = Base; path = Base.lproj/LaunchScreen.xib; sourceTree = "<group>"; };
		2E809A571AA9188800301D6D /* AboutMeTests.xctest */ = {isa = PBXFileReference; explicitFileType = wrapper.cfbundle; includeInIndex = 0; path = AboutMeTests.xctest; sourceTree = BUILT_PRODUCTS_DIR; };
		2E809A5C1AA9188800301D6D /* Info.plist */ = {isa = PBXFileReference; lastKnownFileType = text.plist.xml; path = Info.plist; sourceTree = "<group>"; };
		2E809A5D1AA9188800301D6D /* AboutMeTests.swift */ = {isa = PBXFileReference; lastKnownFileType = sourcecode.swift; path = AboutMeTests.swift; sourceTree = "<group>"; };
		2E809A671AA919C100301D6D /* hobbyVC.swift */ = {isa = PBXFileReference; fileEncoding = 4; lastKnownFileType = sourcecode.swift; path = hobbyVC.swift; sourceTree = "<group>"; };
		2E809A691AA91C5900301D6D /* detailVC.swift */ = {isa = PBXFileReference; fileEncoding = 4; lastKnownFileType = sourcecode.swift; path = detailVC.swift; sourceTree = "<group>"; };
/* End PBXFileReference section */

/* Begin PBXFrameworksBuildPhase section */
		2E809A3F1AA9188800301D6D /* Frameworks */ = {
			isa = PBXFrameworksBuildPhase;
			buildActionMask = 2147483647;
			files = (
			);
			runOnlyForDeploymentPostprocessing = 0;
		};
		2E809A541AA9188800301D6D /* Frameworks */ = {
			isa = PBXFrameworksBuildPhase;
			buildActionMask = 2147483647;
			files = (
			);
			runOnlyForDeploymentPostprocessing = 0;
		};
/* End PBXFrameworksBuildPhase section */

/* Begin PBXGroup section */
		2E809A391AA9188800301D6D = {
			isa = PBXGroup;
			children = (
				2E809A441AA9188800301D6D /* AboutMe */,
				2E809A5A1AA9188800301D6D /* AboutMeTests */,
				2E809A431AA9188800301D6D /* Products */,
			);
			sourceTree = "<group>";
		};
		2E809A431AA9188800301D6D /* Products */ = {
			isa = PBXGroup;
			children = (
				2E809A421AA9188800301D6D /* AboutMe.app */,
				2E809A571AA9188800301D6D /* AboutMeTests.xctest */,
			);
			name = Products;
			sourceTree = "<group>";
		};
		2E809A441AA9188800301D6D /* AboutMe */ = {
			isa = PBXGroup;
			children = (
				2E809A471AA9188800301D6D /* AppDelegate.swift */,
				2E809A491AA9188800301D6D /* ViewController.swift */,
				2E809A4B1AA9188800301D6D /* Main.storyboard */,
				2E809A691AA91C5900301D6D /* detailVC.swift */,
				2E809A671AA919C100301D6D /* hobbyVC.swift */,
				2E809A4E1AA9188800301D6D /* Images.xcassets */,
				2E809A501AA9188800301D6D /* LaunchScreen.xib */,
				2E809A451AA9188800301D6D /* Supporting Files */,
			);
			path = AboutMe;
			sourceTree = "<group>";
		};
		2E809A451AA9188800301D6D /* Supporting Files */ = {
			isa = PBXGroup;
			children = (
				2E809A461AA9188800301D6D /* Info.plist */,
			);
			name = "Supporting Files";
			sourceTree = "<group>";
		};
		2E809A5A1AA9188800301D6D /* AboutMeTests */ = {
			isa = PBXGroup;
			children = (
				2E809A5D1AA9188800301D6D /* AboutMeTests.swift */,
				2E809A5B1AA9188800301D6D /* Supporting Files */,
			);
			path = AboutMeTests;
			sourceTree = "<group>";
		};
		2E809A5B1AA9188800301D6D /* Supporting Files */ = {
			isa = PBXGroup;
			children = (
				2E809A5C1AA9188800301D6D /* Info.plist */,
			);
			name = "Supporting Files";
			sourceTree = "<group>";
		};
/* End PBXGroup section */

/* Begin PBXNativeTarget section */
		2E809A411AA9188800301D6D /* AboutMe */ = {
			isa = PBXNativeTarget;
			buildConfigurationList = 2E809A611AA9188800301D6D /* Build configuration list for PBXNativeTarget "AboutMe" */;
			buildPhases = (
				2E809A3E1AA9188800301D6D /* Sources */,
				2E809A3F1AA9188800301D6D /* Frameworks */,
				2E809A401AA9188800301D6D /* Resources */,
			);
			buildRules = (
			);
			dependencies = (
			);
			name = AboutMe;
			productName = AboutMe;
			productReference = 2E809A421AA9188800301D6D /* AboutMe.app */;
			productType = "com.apple.product-type.application";
		};
		2E809A561AA9188800301D6D /* AboutMeTests */ = {
			isa = PBXNativeTarget;
			buildConfigurationList = 2E809A641AA9188800301D6D /* Build configuration list for PBXNativeTarget "AboutMeTests" */;
			buildPhases = (
				2E809A531AA9188800301D6D /* Sources */,
				2E809A541AA9188800301D6D /* Frameworks */,
				2E809A551AA9188800301D6D /* Resources */,
			);
			buildRules = (
			);
			dependencies = (
				2E809A591AA9188800301D6D /* PBXTargetDependency */,
			);
			name = AboutMeTests;
			productName = AboutMeTests;
			productReference = 2E809A571AA9188800301D6D /* AboutMeTests.xctest */;
			productType = "com.apple.product-type.bundle.unit-test";
		};
/* End PBXNativeTarget section */

/* Begin PBXProject section */
		2E809A3A1AA9188800301D6D /* Project object */ = {
			isa = PBXProject;
			attributes = {
				LastUpgradeCheck = 0610;
				ORGANIZATIONNAME = "Phyllis Hollingshead";
				TargetAttributes = {
					2E809A411AA9188800301D6D = {
						CreatedOnToolsVersion = 6.1.1;
						LastSwiftMigration = 0820;
					};
					2E809A561AA9188800301D6D = {
						CreatedOnToolsVersion = 6.1.1;
						LastSwiftMigration = 0820;
						TestTargetID = 2E809A411AA9188800301D6D;
					};
				};
			};
			buildConfigurationList = 2E809A3D1AA9188800301D6D /* Build configuration list for PBXProject "AboutMe" */;
			compatibilityVersion = "Xcode 3.2";
			developmentRegion = English;
			hasScannedForEncodings = 0;
			knownRegions = (
				en,
				Base,
			);
			mainGroup = 2E809A391AA9188800301D6D;
			productRefGroup = 2E809A431AA9188800301D6D /* Products */;
			projectDirPath = "";
			projectRoot = "";
			targets = (
				2E809A411AA9188800301D6D /* AboutMe */,
				2E809A561AA9188800301D6D /* AboutMeTests */,
			);
		};
/* End PBXProject section */

/* Begin PBXResourcesBuildPhase section */
		2E809A401AA9188800301D6D /* Resources */ = {
			isa = PBXResourcesBuildPhase;
			buildActionMask = 2147483647;
			files = (
				2E809A4D1AA9188800301D6D /* Main.storyboard in Resources */,
				2E809A521AA9188800301D6D /* LaunchScreen.xib in Resources */,
				2E809A4F1AA9188800301D6D /* Images.xcassets in Resources */,
			);
			runOnlyForDeploymentPostprocessing = 0;
		};
		2E809A551AA9188800301D6D /* Resources */ = {
			isa = PBXResourcesBuildPhase;
			buildActionMask = 2147483647;
			files = (
			);
			runOnlyForDeploymentPostprocessing = 0;
		};
/* End PBXResourcesBuildPhase section */

/* Begin PBXSourcesBuildPhase section */
		2E809A3E1AA9188800301D6D /* Sources */ = {
			isa = PBXSourcesBuildPhase;
			buildActionMask = 2147483647;
			files = (
				2E809A4A1AA9188800301D6D /* ViewController.swift in Sources */,
				2E809A6A1AA91C5900301D6D /* detailVC.swift in Sources */,
				2E809A681AA919C100301D6D /* hobbyVC.swift in Sources */,
				2E809A481AA9188800301D6D /* AppDelegate.swift in Sources */,
			);
			runOnlyForDeploymentPostprocessing = 0;
		};
		2E809A531AA9188800301D6D /* Sources */ = {
			isa = PBXSourcesBuildPhase;
			buildActionMask = 2147483647;
			files = (
				2E809A5E1AA9188800301D6D /* AboutMeTests.swift in Sources */,
			);
			runOnlyForDeploymentPostprocessing = 0;
		};
/* End PBXSourcesBuildPhase section */

/* Begin PBXTargetDependency section */
		2E809A591AA9188800301D6D /* PBXTargetDependency */ = {
			isa = PBXTargetDependency;
			target = 2E809A411AA9188800301D6D /* AboutMe */;
			targetProxy = 2E809A581AA9188800301D6D /* PBXContainerItemProxy */;
		};
/* End PBXTargetDependency section */

/* Begin PBXVariantGroup section */
		2E809A4B1AA9188800301D6D /* Main.storyboard */ = {
			isa = PBXVariantGroup;
			children = (
				2E809A4C1AA9188800301D6D /* Base */,
			);
			name = Main.storyboard;
			sourceTree = "<group>";
		};
		2E809A501AA9188800301D6D /* LaunchScreen.xib */ = {
			isa = PBXVariantGroup;
			children = (
				2E809A511AA9188800301D6D /* Base */,
			);
			name = LaunchScreen.xib;
			sourceTree = "<group>";
		};
/* End PBXVariantGroup section */

/* Begin XCBuildConfiguration section */
		2E809A5F1AA9188800301D6D /* Debug */ = {
			isa = XCBuildConfiguration;
			buildSettings = {
				ALWAYS_SEARCH_USER_PATHS = NO;
				CLANG_CXX_LANGUAGE_STANDARD = "gnu++0x";
				CLANG_CXX_LIBRARY = "libc++";
				CLANG_ENABLE_MODULES = YES;
				CLANG_ENABLE_OBJC_ARC = YES;
				CLANG_WARN_BOOL_CONVERSION = YES;
				CLANG_WARN_CONSTANT_CONVERSION = YES;
				CLANG_WARN_DIRECT_OBJC_ISA_USAGE = YES_ERROR;
				CLANG_WARN_EMPTY_BODY = YES;
				CLANG_WARN_ENUM_CONVERSION = YES;
				CLANG_WARN_INT_CONVERSION = YES;
				CLANG_WARN_OBJC_ROOT_CLASS = YES_ERROR;
				CLANG_WARN_UNREACHABLE_CODE = YES;
				CLANG_WARN__DUPLICATE_METHOD_MATCH = YES;
				"CODE_SIGN_IDENTITY[sdk=iphoneos*]" = "iPhone Developer";
				COPY_PHASE_STRIP = NO;
				ENABLE_STRICT_OBJC_MSGSEND = YES;
				GCC_C_LANGUAGE_STANDARD = gnu99;
				GCC_DYNAMIC_NO_PIC = NO;
				GCC_OPTIMIZATION_LEVEL = 0;
				GCC_PREPROCESSOR_DEFINITIONS = (
					"DEBUG=1",
					"$(inherited)",
				);
				GCC_SYMBOLS_PRIVATE_EXTERN = NO;
				GCC_WARN_64_TO_32_BIT_CONVERSION = YES;
				GCC_WARN_ABOUT_RETURN_TYPE = YES_ERROR;
				GCC_WARN_UNDECLARED_SELECTOR = YES;
				GCC_WARN_UNINITIALIZED_AUTOS = YES_AGGRESSIVE;
				GCC_WARN_UNUSED_FUNCTION = YES;
				GCC_WARN_UNUSED_VARIABLE = YES;
				IPHONEOS_DEPLOYMENT_TARGET = 8.1;
				MTL_ENABLE_DEBUG_INFO = YES;
				ONLY_ACTIVE_ARCH = YES;
				SDKROOT = iphoneos;
				SWIFT_OPTIMIZATION_LEVEL = "-Onone";
				TARGETED_DEVICE_FAMILY = "1,2";
			};
			name = Debug;
		};
		2E809A601AA9188800301D6D /* Release */ = {
			isa = XCBuildConfiguration;
			buildSettings = {
				ALWAYS_SEARCH_USER_PATHS = NO;
				CLANG_CXX_LANGUAGE_STANDARD = "gnu++0x";
				CLANG_CXX_LIBRARY = "libc++";
				CLANG_ENABLE_MODULES = YES;
				CLANG_ENABLE_OBJC_ARC = YES;
				CLANG_WARN_BOOL_CONVERSION = YES;
				CLANG_WARN_CONSTANT_CONVERSION = YES;
				CLANG_WARN_DIRECT_OBJC_ISA_USAGE = YES_ERROR;
				CLANG_WARN_EMPTY_BODY = YES;
				CLANG_WARN_ENUM_CONVERSION = YES;
				CLANG_WARN_INT_CONVERSION = YES;
				CLANG_WARN_OBJC_ROOT_CLASS = YES_ERROR;
				CLANG_WARN_UNREACHABLE_CODE = YES;
				CLANG_WARN__DUPLICATE_METHOD_MATCH = YES;
				"CODE_SIGN_IDENTITY[sdk=iphoneos*]" = "iPhone Developer";
				COPY_PHASE_STRIP = YES;
				ENABLE_NS_ASSERTIONS = NO;
				ENABLE_STRICT_OBJC_MSGSEND = YES;
				GCC_C_LANGUAGE_STANDARD = gnu99;
				GCC_WARN_64_TO_32_BIT_CONVERSION = YES;
				GCC_WARN_ABOUT_RETURN_TYPE = YES_ERROR;
				GCC_WARN_UNDECLARED_SELECTOR = YES;
				GCC_WARN_UNINITIALIZED_AUTOS = YES_AGGRESSIVE;
				GCC_WARN_UNUSED_FUNCTION = YES;
				GCC_WARN_UNUSED_VARIABLE = YES;
				IPHONEOS_DEPLOYMENT_TARGET = 8.1;
				MTL_ENABLE_DEBUG_INFO = NO;
				SDKROOT = iphoneos;
				TARGETED_DEVICE_FAMILY = "1,2";
				VALIDATE_PRODUCT = YES;
			};
			name = Release;
		};
		2E809A621AA9188800301D6D /* Debug */ = {
			isa = XCBuildConfiguration;
			buildSettings = {
				ASSETCATALOG_COMPILER_APPICON_NAME = AppIcon;
				INFOPLIST_FILE = AboutMe/Info.plist;
				LD_RUNPATH_SEARCH_PATHS = "$(inherited) @executable_path/Frameworks";
				PRODUCT_NAME = "$(TARGET_NAME)";
				SWIFT_VERSION = 3.0;
			};
			name = Debug;
		};
		2E809A631AA9188800301D6D /* Release */ = {
			isa = XCBuildConfiguration;
			buildSettings = {
				ASSETCATALOG_COMPILER_APPICON_NAME = AppIcon;
				INFOPLIST_FILE = AboutMe/Info.plist;
				LD_RUNPATH_SEARCH_PATHS = "$(inherited) @executable_path/Frameworks";
				PRODUCT_NAME = "$(TARGET_NAME)";
				SWIFT_VERSION = 3.0;
			};
			name = Release;
		};
		2E809A651AA9188800301D6D /* Debug */ = {
			isa = XCBuildConfiguration;
			buildSettings = {
				BUNDLE_LOADER = "$(TEST_HOST)";
				FRAMEWORK_SEARCH_PATHS = (
					"$(SDKROOT)/Developer/Library/Frameworks",
					"$(inherited)",
				);
				GCC_PREPROCESSOR_DEFINITIONS = (
					"DEBUG=1",
					"$(inherited)",
				);
				INFOPLIST_FILE = AboutMeTests/Info.plist;
				LD_RUNPATH_SEARCH_PATHS = "$(inherited) @executable_path/Frameworks @loader_path/Frameworks";
				PRODUCT_NAME = "$(TARGET_NAME)";
				SWIFT_VERSION = 3.0;
				TEST_HOST = "$(BUILT_PRODUCTS_DIR)/AboutMe.app/AboutMe";
			};
			name = Debug;
		};
		2E809A661AA9188800301D6D /* Release */ = {
			isa = XCBuildConfiguration;
			buildSettings = {
				BUNDLE_LOADER = "$(TEST_HOST)";
				FRAMEWORK_SEARCH_PATHS = (
					"$(SDKROOT)/Developer/Library/Frameworks",
					"$(inherited)",
				);
				INFOPLIST_FILE = AboutMeTests/Info.plist;
				LD_RUNPATH_SEARCH_PATHS = "$(inherited) @executable_path/Frameworks @loader_path/Frameworks";
				PRODUCT_NAME = "$(TARGET_NAME)";
				SWIFT_VERSION = 3.0;
				TEST_HOST = "$(BUILT_PRODUCTS_DIR)/AboutMe.app/AboutMe";
			};
			name = Release;
		};
/* End XCBuildConfiguration section */

/* Begin XCConfigurationList section */
		2E809A3D1AA9188800301D6D /* Build configuration list for PBXProject "AboutMe" */ = {
			isa = XCConfigurationList;
			buildConfigurations = (
				2E809A5F1AA9188800301D6D /* Debug */,
				2E809A601AA9188800301D6D /* Release */,
			);
			defaultConfigurationIsVisible = 0;
			defaultConfigurationName = Release;
		};
		2E809A611AA9188800301D6D /* Build configuration list for PBXNativeTarget "AboutMe" */ = {
			isa = XCConfigurationList;
			buildConfigurations = (
				2E809A621AA9188800301D6D /* Debug */,
				2E809A631AA9188800301D6D /* Release */,
			);
			defaultConfigurationIsVisible = 0;
			defaultConfigurationName = Release;
		};
		2E809A641AA9188800301D6D /* Build configuration list for PBXNativeTarget "AboutMeTests" */ = {
			isa = XCConfigurationList;
			buildConfigurations = (
				2E809A651AA9188800301D6D /* Debug */,
				2E809A661AA9188800301D6D /* Release */,
			);
			defaultConfigurationIsVisible = 0;
			defaultConfigurationName = Release;
		};
/* End XCConfigurationList section */
	};
	rootObject = 2E809A3A1AA9188800301D6D /* Project object */;
}
